
Microsoft Visual Studio Solution File, Format Version 12.00
# Visual Studio Version 16
VisualStudioVersion = 16.0.30011.22
MinimumVisualStudioVersion = 10.0.40219.1
Project("{FAE04EC0-301F-11D3-BF4B-00C04F79EFBC}") = "SistemaDeMercadoSimples", "SistemaDeMercadoSimples\SistemaDeMercadoSimples.csproj", "{B186F2D3-C057-4DA9-A7CC-39209CC20D07}"
EndProject
Global
	GlobalSection(SolutionConfigurationPlatforms) = preSolution
		Debug|Any CPU = Debug|Any CPU
		Release|Any CPU = Release|Any CPU
	EndGlobalSection
	GlobalSection(ProjectConfigurationPlatforms) = postSolution
		{B186F2D3-C057-4DA9-A7CC-39209CC20D07}.Debug|Any CPU.ActiveCfg = Debug|Any CPU
		{B186F2D3-C057-4DA9-A7CC-39209CC20D07}.Debug|Any CPU.Build.0 = Debug|Any CPU
		{B186F2D3-C057-4DA9-A7CC-39209CC20D07}.Release|Any CPU.ActiveCfg = Release|Any CPU
		{B186F2D3-C057-4DA9-A7CC-39209CC20D07}.Release|Any CPU.Build.0 = Release|Any CPU
	EndGlobalSection
	GlobalSection(SolutionProperties) = preSolution
		HideSolutionNode = FALSE
	EndGlobalSection
	GlobalSection(ExtensibilityGlobals) = postSolution
		SolutionGuid = {295D14EB-D9AB-470E-B373-C898D8FF9C35}
	EndGlobalSection
EndGlobal
